// !$*UTF8*$!
{
	archiveVersion = 1;
	classes = {
	};
	objectVersion = 46;
	objects = {

/* Begin PBXBuildFile section */
		3F5ACD0D1E9D3DE1005E9536 /* AppDelegate.swift in Sources */ = {isa = PBXBuildFile; fileRef = 3F5ACD0C1E9D3DE1005E9536 /* AppDelegate.swift */; };
		3F5ACD0F1E9D3DE1005E9536 /* ViewController.swift in Sources */ = {isa = PBXBuildFile; fileRef = 3F5ACD0E1E9D3DE1005E9536 /* ViewController.swift */; };
		3F5ACD121E9D3DE1005E9536 /* Main.storyboard in Resources */ = {isa = PBXBuildFile; fileRef = 3F5ACD101E9D3DE1005E9536 /* Main.storyboard */; };
		3F5ACD141E9D3DE1005E9536 /* Assets.xcassets in Resources */ = {isa = PBXBuildFile; fileRef = 3F5ACD131E9D3DE1005E9536 /* Assets.xcassets */; };
		3F5ACD171E9D3DE1005E9536 /* LaunchScreen.storyboard in Resources */ = {isa = PBXBuildFile; fileRef = 3F5ACD151E9D3DE1005E9536 /* LaunchScreen.storyboard */; };
		3F6E5FB11E9FDB5A00CD4DE5 /* WarView.swift in Sources */ = {isa = PBXBuildFile; fileRef = 3F6E5FB01E9FDB5A00CD4DE5 /* WarView.swift */; };
		3FDD67841E9D4B7E00E4080C /* Card.swift in Sources */ = {isa = PBXBuildFile; fileRef = 3FDD67831E9D4B7E00E4080C /* Card.swift */; };
		3FDD67861E9E8A0D00E4080C /* PresidentView.swift in Sources */ = {isa = PBXBuildFile; fileRef = 3FDD67851E9E8A0D00E4080C /* PresidentView.swift */; };
		3FDD67881E9FD24100E4080C /* GameController.swift in Sources */ = {isa = PBXBuildFile; fileRef = 3FDD67871E9FD24000E4080C /* GameController.swift */; };
		615715AE1E9FDD47002DAEBE /* Uno.swift in Sources */ = {isa = PBXBuildFile; fileRef = 615715AD1E9FDD47002DAEBE /* Uno.swift */; };
		61A54B3D1E9FDB720018C444 /* UnoCard.swift in Sources */ = {isa = PBXBuildFile; fileRef = 61A54B3C1E9FDB720018C444 /* UnoCard.swift */; };
/* End PBXBuildFile section */

/* Begin PBXFileReference section */
		3F5ACD091E9D3DE1005E9536 /* Card Koenig.app */ = {isa = PBXFileReference; explicitFileType = wrapper.application; includeInIndex = 0; path = "Card Koenig.app"; sourceTree = BUILT_PRODUCTS_DIR; };
		3F5ACD0C1E9D3DE1005E9536 /* AppDelegate.swift */ = {isa = PBXFileReference; lastKnownFileType = sourcecode.swift; path = AppDelegate.swift; sourceTree = "<group>"; };
		3F5ACD0E1E9D3DE1005E9536 /* ViewController.swift */ = {isa = PBXFileReference; lastKnownFileType = sourcecode.swift; path = ViewController.swift; sourceTree = "<group>"; };
		3F5ACD111E9D3DE1005E9536 /* Base */ = {isa = PBXFileReference; lastKnownFileType = file.storyboard; name = Base; path = Base.lproj/Main.storyboard; sourceTree = "<group>"; };
		3F5ACD131E9D3DE1005E9536 /* Assets.xcassets */ = {isa = PBXFileReference; lastKnownFileType = folder.assetcatalog; path = Assets.xcassets; sourceTree = "<group>"; };
		3F5ACD161E9D3DE1005E9536 /* Base */ = {isa = PBXFileReference; lastKnownFileType = file.storyboard; name = Base; path = Base.lproj/LaunchScreen.storyboard; sourceTree = "<group>"; };
		3F5ACD181E9D3DE1005E9536 /* Info.plist */ = {isa = PBXFileReference; lastKnownFileType = text.plist.xml; path = Info.plist; sourceTree = "<group>"; };
		3F6E5FB01E9FDB5A00CD4DE5 /* WarView.swift */ = {isa = PBXFileReference; fileEncoding = 4; lastKnownFileType = sourcecode.swift; path = WarView.swift; sourceTree = "<group>"; };
		3FDD67831E9D4B7E00E4080C /* Card.swift */ = {isa = PBXFileReference; fileEncoding = 4; lastKnownFileType = sourcecode.swift; path = Card.swift; sourceTree = "<group>"; };
		3FDD67851E9E8A0D00E4080C /* PresidentView.swift */ = {isa = PBXFileReference; fileEncoding = 4; lastKnownFileType = sourcecode.swift; path = PresidentView.swift; sourceTree = "<group>"; };
		3FDD67871E9FD24000E4080C /* GameController.swift */ = {isa = PBXFileReference; fileEncoding = 4; lastKnownFileType = sourcecode.swift; path = GameController.swift; sourceTree = "<group>"; };
		615715AD1E9FDD47002DAEBE /* Uno.swift */ = {isa = PBXFileReference; fileEncoding = 4; lastKnownFileType = sourcecode.swift; path = Uno.swift; sourceTree = "<group>"; };
		61A54B3C1E9FDB720018C444 /* UnoCard.swift */ = {isa = PBXFileReference; fileEncoding = 4; lastKnownFileType = sourcecode.swift; name = UnoCard.swift; path = ../UnoCard.swift; sourceTree = "<group>"; };
/* End PBXFileReference section */

/* Begin PBXFrameworksBuildPhase section */
		3F5ACD061E9D3DE1005E9536 /* Frameworks */ = {
			isa = PBXFrameworksBuildPhase;
			buildActionMask = 2147483647;
			files = (
			);
			runOnlyForDeploymentPostprocessing = 0;
		};
/* End PBXFrameworksBuildPhase section */

/* Begin PBXGroup section */
		3F5ACD001E9D3DE1005E9536 = {
			isa = PBXGroup;
			children = (
				3F5ACD0B1E9D3DE1005E9536 /* Card Koenig */,
				3F5ACD0A1E9D3DE1005E9536 /* Products */,
			);
			sourceTree = "<group>";
		};
		3F5ACD0A1E9D3DE1005E9536 /* Products */ = {
			isa = PBXGroup;
			children = (
				3F5ACD091E9D3DE1005E9536 /* Card Koenig.app */,
			);
			name = Products;
			sourceTree = "<group>";
		};
		3F5ACD0B1E9D3DE1005E9536 /* Card Koenig */ = {
			isa = PBXGroup;
			children = (
				61A54B3C1E9FDB720018C444 /* UnoCard.swift */,
				615715AD1E9FDD47002DAEBE /* Uno.swift */,
				3F5ACD0C1E9D3DE1005E9536 /* AppDelegate.swift */,
				3FDD67831E9D4B7E00E4080C /* Card.swift */,
				3F6E5FB01E9FDB5A00CD4DE5 /* WarView.swift */,
				3FDD67851E9E8A0D00E4080C /* PresidentView.swift */,
				3F5ACD0E1E9D3DE1005E9536 /* ViewController.swift */,
				3FDD67871E9FD24000E4080C /* GameController.swift */,
				3F5ACD101E9D3DE1005E9536 /* Main.storyboard */,
				3F5ACD131E9D3DE1005E9536 /* Assets.xcassets */,
				3F5ACD151E9D3DE1005E9536 /* LaunchScreen.storyboard */,
				3F5ACD181E9D3DE1005E9536 /* Info.plist */,
			);
			path = "Card Koenig";
			sourceTree = "<group>";
		};
/* End PBXGroup section */

/* Begin PBXNativeTarget section */
		3F5ACD081E9D3DE1005E9536 /* Card Koenig */ = {
			isa = PBXNativeTarget;
			buildConfigurationList = 3F5ACD1B1E9D3DE1005E9536 /* Build configuration list for PBXNativeTarget "Card Koenig" */;
			buildPhases = (
				3F5ACD051E9D3DE1005E9536 /* Sources */,
				3F5ACD061E9D3DE1005E9536 /* Frameworks */,
				3F5ACD071E9D3DE1005E9536 /* Resources */,
			);
			buildRules = (
			);
			dependencies = (
			);
			name = "Card Koenig";
			productName = "Card Koenig";
			productReference = 3F5ACD091E9D3DE1005E9536 /* Card Koenig.app */;
			productType = "com.apple.product-type.application";
		};
/* End PBXNativeTarget section */

/* Begin PBXProject section */
		3F5ACD011E9D3DE1005E9536 /* Project object */ = {
			isa = PBXProject;
			attributes = {
				LastSwiftUpdateCheck = 0830;
				LastUpgradeCheck = 0830;
				ORGANIZATIONNAME = Balgard;
				TargetAttributes = {
					3F5ACD081E9D3DE1005E9536 = {
						CreatedOnToolsVersion = 8.3.1;
						DevelopmentTeam = 92U9E939H3;
						ProvisioningStyle = Automatic;
					};
				};
			};
			buildConfigurationList = 3F5ACD041E9D3DE1005E9536 /* Build configuration list for PBXProject "Card Koenig" */;
			compatibilityVersion = "Xcode 3.2";
			developmentRegion = English;
			hasScannedForEncodings = 0;
			knownRegions = (
				en,
				Base,
			);
			mainGroup = 3F5ACD001E9D3DE1005E9536;
			productRefGroup = 3F5ACD0A1E9D3DE1005E9536 /* Products */;
			projectDirPath = "";
			projectRoot = "";
			targets = (
				3F5ACD081E9D3DE1005E9536 /* Card Koenig */,
			);
		};
/* End PBXProject section */

/* Begin PBXResourcesBuildPhase section */
		3F5ACD071E9D3DE1005E9536 /* Resources */ = {
			isa = PBXResourcesBuildPhase;
			buildActionMask = 2147483647;
			files = (
				3F5ACD171E9D3DE1005E9536 /* LaunchScreen.storyboard in Resources */,
				3F5ACD141E9D3DE1005E9536 /* Assets.xcassets in Resources */,
				3F5ACD121E9D3DE1005E9536 /* Main.storyboard in Resources */,
			);
			runOnlyForDeploymentPostprocessing = 0;
		};
/* End PBXResourcesBuildPhase section */

/* Begin PBXSourcesBuildPhase section */
		3F5ACD051E9D3DE1005E9536 /* Sources */ = {
			isa = PBXSourcesBuildPhase;
			buildActionMask = 2147483647;
			files = (
				3F6E5FB11E9FDB5A00CD4DE5 /* WarView.swift in Sources */,
				3F5ACD0F1E9D3DE1005E9536 /* ViewController.swift in Sources */,
				3FDD67881E9FD24100E4080C /* GameController.swift in Sources */,
				61A54B3D1E9FDB720018C444 /* UnoCard.swift in Sources */,
				3FDD67861E9E8A0D00E4080C /* PresidentView.swift in Sources */,
				3FDD67841E9D4B7E00E4080C /* Card.swift in Sources */,
				615715AE1E9FDD47002DAEBE /* Uno.swift in Sources */,
				3F5ACD0D1E9D3DE1005E9536 /* AppDelegate.swift in Sources */,
			);
			runOnlyForDeploymentPostprocessing = 0;
		};
/* End PBXSourcesBuildPhase section */

/* Begin PBXVariantGroup section */
		3F5ACD101E9D3DE1005E9536 /* Main.storyboard */ = {
			isa = PBXVariantGroup;
			children = (
				3F5ACD111E9D3DE1005E9536 /* Base */,
			);
			name = Main.storyboard;
			sourceTree = "<group>";
		};
		3F5ACD151E9D3DE1005E9536 /* LaunchScreen.storyboard */ = {
			isa = PBXVariantGroup;
			children = (
				3F5ACD161E9D3DE1005E9536 /* Base */,
			);
			name = LaunchScreen.storyboard;
			sourceTree = "<group>";
		};
/* End PBXVariantGroup section */

/* Begin XCBuildConfiguration section */
		3F5ACD191E9D3DE1005E9536 /* Debug */ = {
			isa = XCBuildConfiguration;
			buildSettings = {
				ALWAYS_SEARCH_USER_PATHS = NO;
				CLANG_ANALYZER_NONNULL = YES;
				CLANG_ANALYZER_NUMBER_OBJECT_CONVERSION = YES_AGGRESSIVE;
				CLANG_CXX_LANGUAGE_STANDARD = "gnu++0x";
				CLANG_CXX_LIBRARY = "libc++";
				CLANG_ENABLE_MODULES = YES;
				CLANG_ENABLE_OBJC_ARC = YES;
				CLANG_WARN_BOOL_CONVERSION = YES;
				CLANG_WARN_CONSTANT_CONVERSION = YES;
				CLANG_WARN_DIRECT_OBJC_ISA_USAGE = YES_ERROR;
				CLANG_WARN_DOCUMENTATION_COMMENTS = YES;
				CLANG_WARN_EMPTY_BODY = YES;
				CLANG_WARN_ENUM_CONVERSION = YES;
				CLANG_WARN_INFINITE_RECURSION = YES;
				CLANG_WARN_INT_CONVERSION = YES;
				CLANG_WARN_OBJC_ROOT_CLASS = YES_ERROR;
				CLANG_WARN_SUSPICIOUS_MOVE = YES;
				CLANG_WARN_UNREACHABLE_CODE = YES;
				CLANG_WARN__DUPLICATE_METHOD_MATCH = YES;
				"CODE_SIGN_IDENTITY[sdk=iphoneos*]" = "iPhone Developer";
				COPY_PHASE_STRIP = NO;
				DEBUG_INFORMATION_FORMAT = dwarf;
				ENABLE_STRICT_OBJC_MSGSEND = YES;
				ENABLE_TESTABILITY = YES;
				GCC_C_LANGUAGE_STANDARD = gnu99;
				GCC_DYNAMIC_NO_PIC = NO;
				GCC_NO_COMMON_BLOCKS = YES;
				GCC_OPTIMIZATION_LEVEL = 0;
				GCC_PREPROCESSOR_DEFINITIONS = (
					"DEBUG=1",
					"$(inherited)",
				);
				GCC_WARN_64_TO_32_BIT_CONVERSION = YES;
				GCC_WARN_ABOUT_RETURN_TYPE = YES_ERROR;
				GCC_WARN_UNDECLARED_SELECTOR = YES;
				GCC_WARN_UNINITIALIZED_AUTOS = YES_AGGRESSIVE;
				GCC_WARN_UNUSED_FUNCTION = YES;
				GCC_WARN_UNUSED_VARIABLE = YES;
				IPHONEOS_DEPLOYMENT_TARGET = 10.3;
				MTL_ENABLE_DEBUG_INFO = YES;
				ONLY_ACTIVE_ARCH = YES;
				SDKROOT = iphoneos;
				SWIFT_ACTIVE_COMPILATION_CONDITIONS = DEBUG;
				SWIFT_OPTIMIZATION_LEVEL = "-Onone";
				TARGETED_DEVICE_FAMILY = "1,2";
			};
			name = Debug;
		};
		3F5ACD1A1E9D3DE1005E9536 /* Release */ = {
			isa = XCBuildConfiguration;
			buildSettings = {
				ALWAYS_SEARCH_USER_PATHS = NO;
				CLANG_ANALYZER_NONNULL = YES;
				CLANG_ANALYZER_NUMBER_OBJECT_CONVERSION = YES_AGGRESSIVE;
				CLANG_CXX_LANGUAGE_STANDARD = "gnu++0x";
				CLANG_CXX_LIBRARY = "libc++";
				CLANG_ENABLE_MODULES = YES;
				CLANG_ENABLE_OBJC_ARC = YES;
				CLANG_WARN_BOOL_CONVERSION = YES;
				CLANG_WARN_CONSTANT_CONVERSION = YES;
				CLANG_WARN_DIRECT_OBJC_ISA_USAGE = YES_ERROR;
				CLANG_WARN_DOCUMENTATION_COMMENTS = YES;
				CLANG_WARN_EMPTY_BODY = YES;
				CLANG_WARN_ENUM_CONVERSION = YES;
				CLANG_WARN_INFINITE_RECURSION = YES;
				CLANG_WARN_INT_CONVERSION = YES;
				CLANG_WARN_OBJC_ROOT_CLASS = YES_ERROR;
				CLANG_WARN_SUSPICIOUS_MOVE = YES;
				CLANG_WARN_UNREACHABLE_CODE = YES;
				CLANG_WARN__DUPLICATE_METHOD_MATCH = YES;
				"CODE_SIGN_IDENTITY[sdk=iphoneos*]" = "iPhone Developer";
				COPY_PHASE_STRIP = NO;
				DEBUG_INFORMATION_FORMAT = "dwarf-with-dsym";
				ENABLE_NS_ASSERTIONS = NO;
				ENABLE_STRICT_OBJC_MSGSEND = YES;
				GCC_C_LANGUAGE_STANDARD = gnu99;
				GCC_NO_COMMON_BLOCKS = YES;
				GCC_WARN_64_TO_32_BIT_CONVERSION = YES;
				GCC_WARN_ABOUT_RETURN_TYPE = YES_ERROR;
				GCC_WARN_UNDECLARED_SELECTOR = YES;
				GCC_WARN_UNINITIALIZED_AUTOS = YES_AGGRESSIVE;
				GCC_WARN_UNUSED_FUNCTION = YES;
				GCC_WARN_UNUSED_VARIABLE = YES;
				IPHONEOS_DEPLOYMENT_TARGET = 10.3;
				MTL_ENABLE_DEBUG_INFO = NO;
				SDKROOT = iphoneos;
				SWIFT_OPTIMIZATION_LEVEL = "-Owholemodule";
				TARGETED_DEVICE_FAMILY = "1,2";
				VALIDATE_PRODUCT = YES;
			};
			name = Release;
		};
		3F5ACD1C1E9D3DE1005E9536 /* Debug */ = {
			isa = XCBuildConfiguration;
			buildSettings = {
				ASSETCATALOG_COMPILER_APPICON_NAME = AppIcon;
				DEVELOPMENT_TEAM = 92U9E939H3;
				INFOPLIST_FILE = "Card Koenig/Info.plist";
				LD_RUNPATH_SEARCH_PATHS = "$(inherited) @executable_path/Frameworks";
				PRODUCT_BUNDLE_IDENTIFIER = "balgard.example.Card-Koenig";
				PRODUCT_NAME = "$(TARGET_NAME)";
				SWIFT_VERSION = 3.0;
			};
			name = Debug;
		};
		3F5ACD1D1E9D3DE1005E9536 /* Release */ = {
			isa = XCBuildConfiguration;
			buildSettings = {
				ASSETCATALOG_COMPILER_APPICON_NAME = AppIcon;
				DEVELOPMENT_TEAM = 92U9E939H3;
				INFOPLIST_FILE = "Card Koenig/Info.plist";
				LD_RUNPATH_SEARCH_PATHS = "$(inherited) @executable_path/Frameworks";
				PRODUCT_BUNDLE_IDENTIFIER = "balgard.example.Card-Koenig";
				PRODUCT_NAME = "$(TARGET_NAME)";
				SWIFT_VERSION = 3.0;
			};
			name = Release;
		};
/* End XCBuildConfiguration section */

/* Begin XCConfigurationList section */
		3F5ACD041E9D3DE1005E9536 /* Build configuration list for PBXProject "Card Koenig" */ = {
			isa = XCConfigurationList;
			buildConfigurations = (
				3F5ACD191E9D3DE1005E9536 /* Debug */,
				3F5ACD1A1E9D3DE1005E9536 /* Release */,
			);
			defaultConfigurationIsVisible = 0;
			defaultConfigurationName = Release;
		};
		3F5ACD1B1E9D3DE1005E9536 /* Build configuration list for PBXNativeTarget "Card Koenig" */ = {
			isa = XCConfigurationList;
			buildConfigurations = (
				3F5ACD1C1E9D3DE1005E9536 /* Debug */,
				3F5ACD1D1E9D3DE1005E9536 /* Release */,
			);
			defaultConfigurationIsVisible = 0;
			defaultConfigurationName = Release;
		};
/* End XCConfigurationList section */
	};
	rootObject = 3F5ACD011E9D3DE1005E9536 /* Project object */;
}
